
Microsoft Visual Studio Solution File, Format Version 12.00
# Visual Studio Version 17
VisualStudioVersion = 17.10.35027.167
MinimumVisualStudioVersion = 10.0.40219.1
Project("{FAE04EC0-301F-11D3-BF4B-00C04F79EFBC}") = "Doviz", "Doviz\Doviz.csproj", "{CDB8C808-9811-49AD-A5A7-08DE89EC1CCE}"
EndProject
Global
	GlobalSection(SolutionConfigurationPlatforms) = preSolution
		Debug|Any CPU = Debug|Any CPU
		Release|Any CPU = Release|Any CPU
	EndGlobalSection
	GlobalSection(ProjectConfigurationPlatforms) = postSolution
		{CDB8C808-9811-49AD-A5A7-08DE89EC1CCE}.Debug|Any CPU.ActiveCfg = Debug|Any CPU
		{CDB8C808-9811-49AD-A5A7-08DE89EC1CCE}.Debug|Any CPU.Build.0 = Debug|Any CPU
		{CDB8C808-9811-49AD-A5A7-08DE89EC1CCE}.Release|Any CPU.ActiveCfg = Release|Any CPU
		{CDB8C808-9811-49AD-A5A7-08DE89EC1CCE}.Release|Any CPU.Build.0 = Release|Any CPU
	EndGlobalSection
	GlobalSection(SolutionProperties) = preSolution
		HideSolutionNode = FALSE
	EndGlobalSection
	GlobalSection(ExtensibilityGlobals) = postSolution
		SolutionGuid = {AE939C10-3ABD-43B4-80A0-1BF2068F7A01}
	EndGlobalSection
EndGlobal
